(setq el-get-lock-package-versions
      '((el-get :checksum "cb88561a14fe888a1f03cb2d3995711696193cff")
        (magit :checksum "a13933abf4dd9568f93d9a60c1900b9147c28725")
        (haskell-mode :checksum "a5e89ffe4cde9d7b40243a6db6fd4b6190cff7a1")
        (whitespace :checksum "b4fc298a738606792b83d2cf7e891b0f4d27941f")))
(setq el-get-lock-locked-packages 'nil)
(setq el-get-lock-unlocked-packages 'nil)
